
Microsoft Visual Studio Solution File, Format Version 12.00
# Visual Studio Version 16
VisualStudioVersion = 16.0.31105.61
MinimumVisualStudioVersion = 10.0.40219.1
Project("{FAE04EC0-301F-11D3-BF4B-00C04F79EFBC}") = "SomeGarbageLibrary", "SomeGarbageLibrary\SomeGarbageLibrary.csproj", "{8396E4E7-CD6D-4D5C-99DC-1475C28E8177}"
EndProject
Project("{FAE04EC0-301F-11D3-BF4B-00C04F79EFBC}") = "Game", "Game\Game.csproj", "{D02C2754-038F-40DE-99FD-FB2A98873679}"
EndProject
Project("{FAE04EC0-301F-11D3-BF4B-00C04F79EFBC}") = "GraphicsLibrary", "GraphicsLibrary\GraphicsLibrary.csproj", "{8DEF8510-FF74-472B-9661-AE6CEFA372AD}"
EndProject
Global
	GlobalSection(SolutionConfigurationPlatforms) = preSolution
		Debug|Any CPU = Debug|Any CPU
		Release|Any CPU = Release|Any CPU
	EndGlobalSection
	GlobalSection(ProjectConfigurationPlatforms) = postSolution
		{8396E4E7-CD6D-4D5C-99DC-1475C28E8177}.Debug|Any CPU.ActiveCfg = Debug|Any CPU
		{8396E4E7-CD6D-4D5C-99DC-1475C28E8177}.Debug|Any CPU.Build.0 = Debug|Any CPU
		{8396E4E7-CD6D-4D5C-99DC-1475C28E8177}.Release|Any CPU.ActiveCfg = Release|Any CPU
		{8396E4E7-CD6D-4D5C-99DC-1475C28E8177}.Release|Any CPU.Build.0 = Release|Any CPU
		{D02C2754-038F-40DE-99FD-FB2A98873679}.Debug|Any CPU.ActiveCfg = Debug|Any CPU
		{D02C2754-038F-40DE-99FD-FB2A98873679}.Debug|Any CPU.Build.0 = Debug|Any CPU
		{D02C2754-038F-40DE-99FD-FB2A98873679}.Release|Any CPU.ActiveCfg = Release|Any CPU
		{D02C2754-038F-40DE-99FD-FB2A98873679}.Release|Any CPU.Build.0 = Release|Any CPU
		{8DEF8510-FF74-472B-9661-AE6CEFA372AD}.Debug|Any CPU.ActiveCfg = Debug|Any CPU
		{8DEF8510-FF74-472B-9661-AE6CEFA372AD}.Debug|Any CPU.Build.0 = Debug|Any CPU
		{8DEF8510-FF74-472B-9661-AE6CEFA372AD}.Release|Any CPU.ActiveCfg = Release|Any CPU
		{8DEF8510-FF74-472B-9661-AE6CEFA372AD}.Release|Any CPU.Build.0 = Release|Any CPU
	EndGlobalSection
	GlobalSection(SolutionProperties) = preSolution
		HideSolutionNode = FALSE
	EndGlobalSection
	GlobalSection(ExtensibilityGlobals) = postSolution
		SolutionGuid = {6851DCDC-9E41-4949-828D-FBF3BFA12917}
	EndGlobalSection
EndGlobal
